// !$*UTF8*$!
{
	archiveVersion = 1;
	classes = {
	};
	objectVersion = 50;
	objects = {

/* Begin PBXBuildFile section */
		3A42E453252D723100AD6156 /* AppDelegate.swift in Sources */ = {isa = PBXBuildFile; fileRef = 3A42E452252D723100AD6156 /* AppDelegate.swift */; };
		3A42E455252D723100AD6156 /* SceneDelegate.swift in Sources */ = {isa = PBXBuildFile; fileRef = 3A42E454252D723100AD6156 /* SceneDelegate.swift */; };
		3A42E45A252D723100AD6156 /* Main.storyboard in Resources */ = {isa = PBXBuildFile; fileRef = 3A42E458252D723100AD6156 /* Main.storyboard */; };
		3A42E45D252D723100AD6156 /* MAD157MCHMoviesProjCoreData.xcdatamodeld in Sources */ = {isa = PBXBuildFile; fileRef = 3A42E45B252D723100AD6156 /* MAD157MCHMoviesProjCoreData.xcdatamodeld */; };
		3A42E45F252D723400AD6156 /* Assets.xcassets in Resources */ = {isa = PBXBuildFile; fileRef = 3A42E45E252D723400AD6156 /* Assets.xcassets */; };
		3A42E462252D723400AD6156 /* LaunchScreen.storyboard in Resources */ = {isa = PBXBuildFile; fileRef = 3A42E460252D723400AD6156 /* LaunchScreen.storyboard */; };
		3A42E46A252D72DA00AD6156 /* HomeVC.swift in Sources */ = {isa = PBXBuildFile; fileRef = 3A42E469252D72DA00AD6156 /* HomeVC.swift */; };
		3A42E46C252D72EB00AD6156 /* SearchVC.swift in Sources */ = {isa = PBXBuildFile; fileRef = 3A42E46B252D72EB00AD6156 /* SearchVC.swift */; };
		3A42E46E252D730D00AD6156 /* MovieListVC.swift in Sources */ = {isa = PBXBuildFile; fileRef = 3A42E46D252D730D00AD6156 /* MovieListVC.swift */; };
		3A42E470252D732100AD6156 /* TableViewCell.swift in Sources */ = {isa = PBXBuildFile; fileRef = 3A42E46F252D732100AD6156 /* TableViewCell.swift */; };
		3A42E472252D734F00AD6156 /* MovieDetailVC.swift in Sources */ = {isa = PBXBuildFile; fileRef = 3A42E471252D734F00AD6156 /* MovieDetailVC.swift */; };
		3A42E474252D736D00AD6156 /* OpenImdbVCViewController.swift in Sources */ = {isa = PBXBuildFile; fileRef = 3A42E473252D736D00AD6156 /* OpenImdbVCViewController.swift */; };
		3A42E476252D739400AD6156 /* MyMoviesListVC.swift in Sources */ = {isa = PBXBuildFile; fileRef = 3A42E475252D739300AD6156 /* MyMoviesListVC.swift */; };
		3A42E478252D73C900AD6156 /* MyMoviesTableViewCell.swift in Sources */ = {isa = PBXBuildFile; fileRef = 3A42E477252D73C900AD6156 /* MyMoviesTableViewCell.swift */; };
		3A42E47A252D73F400AD6156 /* MyMovieDeleteVC.swift in Sources */ = {isa = PBXBuildFile; fileRef = 3A42E479252D73F400AD6156 /* MyMovieDeleteVC.swift */; };
		3A42E47E252D757400AD6156 /* gitcat.jpg in Resources */ = {isa = PBXBuildFile; fileRef = 3A42E47D252D757400AD6156 /* gitcat.jpg */; };
		3A42E487252D758F00AD6156 /* posternotfound.JPG in Resources */ = {isa = PBXBuildFile; fileRef = 3A42E47F252D758F00AD6156 /* posternotfound.JPG */; };
		3A42E488252D758F00AD6156 /* tygermatrix303.png in Resources */ = {isa = PBXBuildFile; fileRef = 3A42E480252D758F00AD6156 /* tygermatrix303.png */; };
		3A42E489252D758F00AD6156 /* popcorn2_wo_middle3.jpg in Resources */ = {isa = PBXBuildFile; fileRef = 3A42E481252D758F00AD6156 /* popcorn2_wo_middle3.jpg */; };
		3A42E48A252D758F00AD6156 /* posternf.jpg in Resources */ = {isa = PBXBuildFile; fileRef = 3A42E482252D758F00AD6156 /* posternf.jpg */; };
		3A42E48B252D758F00AD6156 /* popcornpic1sm2.png in Resources */ = {isa = PBXBuildFile; fileRef = 3A42E483252D758F00AD6156 /* popcornpic1sm2.png */; };
		3A42E48C252D758F00AD6156 /* pearl.jpg in Resources */ = {isa = PBXBuildFile; fileRef = 3A42E484252D758F00AD6156 /* pearl.jpg */; };
		3A42E48D252D758F00AD6156 /* hp.png in Resources */ = {isa = PBXBuildFile; fileRef = 3A42E485252D758F00AD6156 /* hp.png */; };
		3A42E48E252D758F00AD6156 /* popcorn2_wo_middle5.jpg in Resources */ = {isa = PBXBuildFile; fileRef = 3A42E486252D758F00AD6156 /* popcorn2_wo_middle5.jpg */; };
/* End PBXBuildFile section */

/* Begin PBXFileReference section */
		3A42E44F252D723100AD6156 /* MAD157MCHMoviesProjCoreData.app */ = {isa = PBXFileReference; explicitFileType = wrapper.application; includeInIndex = 0; path = MAD157MCHMoviesProjCoreData.app; sourceTree = BUILT_PRODUCTS_DIR; };
		3A42E452252D723100AD6156 /* AppDelegate.swift */ = {isa = PBXFileReference; lastKnownFileType = sourcecode.swift; path = AppDelegate.swift; sourceTree = "<group>"; };
		3A42E454252D723100AD6156 /* SceneDelegate.swift */ = {isa = PBXFileReference; lastKnownFileType = sourcecode.swift; path = SceneDelegate.swift; sourceTree = "<group>"; };
		3A42E459252D723100AD6156 /* Base */ = {isa = PBXFileReference; lastKnownFileType = file.storyboard; name = Base; path = Base.lproj/Main.storyboard; sourceTree = "<group>"; };
		3A42E45C252D723100AD6156 /* MAD157MCHMoviesProjCoreData.xcdatamodel */ = {isa = PBXFileReference; lastKnownFileType = wrapper.xcdatamodel; path = MAD157MCHMoviesProjCoreData.xcdatamodel; sourceTree = "<group>"; };
		3A42E45E252D723400AD6156 /* Assets.xcassets */ = {isa = PBXFileReference; lastKnownFileType = folder.assetcatalog; path = Assets.xcassets; sourceTree = "<group>"; };
		3A42E461252D723400AD6156 /* Base */ = {isa = PBXFileReference; lastKnownFileType = file.storyboard; name = Base; path = Base.lproj/LaunchScreen.storyboard; sourceTree = "<group>"; };
		3A42E463252D723400AD6156 /* Info.plist */ = {isa = PBXFileReference; lastKnownFileType = text.plist.xml; path = Info.plist; sourceTree = "<group>"; };
		3A42E469252D72DA00AD6156 /* HomeVC.swift */ = {isa = PBXFileReference; lastKnownFileType = sourcecode.swift; path = HomeVC.swift; sourceTree = "<group>"; };
		3A42E46B252D72EB00AD6156 /* SearchVC.swift */ = {isa = PBXFileReference; lastKnownFileType = sourcecode.swift; path = SearchVC.swift; sourceTree = "<group>"; };
		3A42E46D252D730D00AD6156 /* MovieListVC.swift */ = {isa = PBXFileReference; lastKnownFileType = sourcecode.swift; path = MovieListVC.swift; sourceTree = "<group>"; };
		3A42E46F252D732100AD6156 /* TableViewCell.swift */ = {isa = PBXFileReference; lastKnownFileType = sourcecode.swift; path = TableViewCell.swift; sourceTree = "<group>"; };
		3A42E471252D734F00AD6156 /* MovieDetailVC.swift */ = {isa = PBXFileReference; lastKnownFileType = sourcecode.swift; path = MovieDetailVC.swift; sourceTree = "<group>"; };
		3A42E473252D736D00AD6156 /* OpenImdbVCViewController.swift */ = {isa = PBXFileReference; lastKnownFileType = sourcecode.swift; path = OpenImdbVCViewController.swift; sourceTree = "<group>"; };
		3A42E475252D739300AD6156 /* MyMoviesListVC.swift */ = {isa = PBXFileReference; lastKnownFileType = sourcecode.swift; path = MyMoviesListVC.swift; sourceTree = "<group>"; };
		3A42E477252D73C900AD6156 /* MyMoviesTableViewCell.swift */ = {isa = PBXFileReference; lastKnownFileType = sourcecode.swift; path = MyMoviesTableViewCell.swift; sourceTree = "<group>"; };
		3A42E479252D73F400AD6156 /* MyMovieDeleteVC.swift */ = {isa = PBXFileReference; lastKnownFileType = sourcecode.swift; path = MyMovieDeleteVC.swift; sourceTree = "<group>"; };
		3A42E47D252D757400AD6156 /* gitcat.jpg */ = {isa = PBXFileReference; lastKnownFileType = image.jpeg; path = gitcat.jpg; sourceTree = SOURCE_ROOT; };
		3A42E47F252D758F00AD6156 /* posternotfound.JPG */ = {isa = PBXFileReference; lastKnownFileType = image.jpeg; path = posternotfound.JPG; sourceTree = SOURCE_ROOT; };
		3A42E480252D758F00AD6156 /* tygermatrix303.png */ = {isa = PBXFileReference; lastKnownFileType = image.png; path = tygermatrix303.png; sourceTree = SOURCE_ROOT; };
		3A42E481252D758F00AD6156 /* popcorn2_wo_middle3.jpg */ = {isa = PBXFileReference; lastKnownFileType = image.jpeg; path = popcorn2_wo_middle3.jpg; sourceTree = SOURCE_ROOT; };
		3A42E482252D758F00AD6156 /* posternf.jpg */ = {isa = PBXFileReference; lastKnownFileType = image.jpeg; path = posternf.jpg; sourceTree = SOURCE_ROOT; };
		3A42E483252D758F00AD6156 /* popcornpic1sm2.png */ = {isa = PBXFileReference; lastKnownFileType = image.png; path = popcornpic1sm2.png; sourceTree = SOURCE_ROOT; };
		3A42E484252D758F00AD6156 /* pearl.jpg */ = {isa = PBXFileReference; lastKnownFileType = image.jpeg; path = pearl.jpg; sourceTree = SOURCE_ROOT; };
		3A42E485252D758F00AD6156 /* hp.png */ = {isa = PBXFileReference; lastKnownFileType = image.png; path = hp.png; sourceTree = SOURCE_ROOT; };
		3A42E486252D758F00AD6156 /* popcorn2_wo_middle5.jpg */ = {isa = PBXFileReference; lastKnownFileType = image.jpeg; path = popcorn2_wo_middle5.jpg; sourceTree = SOURCE_ROOT; };
/* End PBXFileReference section */

/* Begin PBXFrameworksBuildPhase section */
		3A42E44C252D723100AD6156 /* Frameworks */ = {
			isa = PBXFrameworksBuildPhase;
			buildActionMask = 2147483647;
			files = (
			);
			runOnlyForDeploymentPostprocessing = 0;
		};
/* End PBXFrameworksBuildPhase section */

/* Begin PBXGroup section */
		3A42E446252D723100AD6156 = {
			isa = PBXGroup;
			children = (
				3A42E451252D723100AD6156 /* MAD157MCHMoviesProjCoreData */,
				3A42E450252D723100AD6156 /* Products */,
			);
			sourceTree = "<group>";
		};
		3A42E450252D723100AD6156 /* Products */ = {
			isa = PBXGroup;
			children = (
				3A42E44F252D723100AD6156 /* MAD157MCHMoviesProjCoreData.app */,
			);
			name = Products;
			sourceTree = "<group>";
		};
		3A42E451252D723100AD6156 /* MAD157MCHMoviesProjCoreData */ = {
			isa = PBXGroup;
			children = (
				3A42E452252D723100AD6156 /* AppDelegate.swift */,
				3A42E454252D723100AD6156 /* SceneDelegate.swift */,
				3A42E458252D723100AD6156 /* Main.storyboard */,
				3A42E469252D72DA00AD6156 /* HomeVC.swift */,
				3A42E46B252D72EB00AD6156 /* SearchVC.swift */,
				3A42E46D252D730D00AD6156 /* MovieListVC.swift */,
				3A42E46F252D732100AD6156 /* TableViewCell.swift */,
				3A42E471252D734F00AD6156 /* MovieDetailVC.swift */,
				3A42E473252D736D00AD6156 /* OpenImdbVCViewController.swift */,
				3A42E475252D739300AD6156 /* MyMoviesListVC.swift */,
				3A42E477252D73C900AD6156 /* MyMoviesTableViewCell.swift */,
				3A42E479252D73F400AD6156 /* MyMovieDeleteVC.swift */,
				3A42E485252D758F00AD6156 /* hp.png */,
				3A42E484252D758F00AD6156 /* pearl.jpg */,
				3A42E481252D758F00AD6156 /* popcorn2_wo_middle3.jpg */,
				3A42E486252D758F00AD6156 /* popcorn2_wo_middle5.jpg */,
				3A42E483252D758F00AD6156 /* popcornpic1sm2.png */,
				3A42E482252D758F00AD6156 /* posternf.jpg */,
				3A42E47F252D758F00AD6156 /* posternotfound.JPG */,
				3A42E480252D758F00AD6156 /* tygermatrix303.png */,
				3A42E45E252D723400AD6156 /* Assets.xcassets */,
				3A42E47D252D757400AD6156 /* gitcat.jpg */,
				3A42E460252D723400AD6156 /* LaunchScreen.storyboard */,
				3A42E463252D723400AD6156 /* Info.plist */,
				3A42E45B252D723100AD6156 /* MAD157MCHMoviesProjCoreData.xcdatamodeld */,
			);
			path = MAD157MCHMoviesProjCoreData;
			sourceTree = "<group>";
		};
/* End PBXGroup section */

/* Begin PBXNativeTarget section */
		3A42E44E252D723100AD6156 /* MAD157MCHMoviesProjCoreData */ = {
			isa = PBXNativeTarget;
			buildConfigurationList = 3A42E466252D723400AD6156 /* Build configuration list for PBXNativeTarget "MAD157MCHMoviesProjCoreData" */;
			buildPhases = (
				3A42E44B252D723100AD6156 /* Sources */,
				3A42E44C252D723100AD6156 /* Frameworks */,
				3A42E44D252D723100AD6156 /* Resources */,
			);
			buildRules = (
			);
			dependencies = (
			);
			name = MAD157MCHMoviesProjCoreData;
			productName = MAD157MCHMoviesProjCoreData;
			productReference = 3A42E44F252D723100AD6156 /* MAD157MCHMoviesProjCoreData.app */;
			productType = "com.apple.product-type.application";
		};
/* End PBXNativeTarget section */

/* Begin PBXProject section */
		3A42E447252D723100AD6156 /* Project object */ = {
			isa = PBXProject;
			attributes = {
				LastSwiftUpdateCheck = 1160;
				LastUpgradeCheck = 1160;
				ORGANIZATIONNAME = "TygerMatrix Software";
				TargetAttributes = {
					3A42E44E252D723100AD6156 = {
						CreatedOnToolsVersion = 11.6;
					};
				};
			};
			buildConfigurationList = 3A42E44A252D723100AD6156 /* Build configuration list for PBXProject "MAD157MCHMoviesProjCoreData" */;
			compatibilityVersion = "Xcode 9.3";
			developmentRegion = en;
			hasScannedForEncodings = 0;
			knownRegions = (
				en,
				Base,
			);
			mainGroup = 3A42E446252D723100AD6156;
			productRefGroup = 3A42E450252D723100AD6156 /* Products */;
			projectDirPath = "";
			projectRoot = "";
			targets = (
				3A42E44E252D723100AD6156 /* MAD157MCHMoviesProjCoreData */,
			);
		};
/* End PBXProject section */

/* Begin PBXResourcesBuildPhase section */
		3A42E44D252D723100AD6156 /* Resources */ = {
			isa = PBXResourcesBuildPhase;
			buildActionMask = 2147483647;
			files = (
				3A42E487252D758F00AD6156 /* posternotfound.JPG in Resources */,
				3A42E488252D758F00AD6156 /* tygermatrix303.png in Resources */,
				3A42E462252D723400AD6156 /* LaunchScreen.storyboard in Resources */,
				3A42E48B252D758F00AD6156 /* popcornpic1sm2.png in Resources */,
				3A42E47E252D757400AD6156 /* gitcat.jpg in Resources */,
				3A42E48A252D758F00AD6156 /* posternf.jpg in Resources */,
				3A42E489252D758F00AD6156 /* popcorn2_wo_middle3.jpg in Resources */,
				3A42E45F252D723400AD6156 /* Assets.xcassets in Resources */,
				3A42E48C252D758F00AD6156 /* pearl.jpg in Resources */,
				3A42E48E252D758F00AD6156 /* popcorn2_wo_middle5.jpg in Resources */,
				3A42E48D252D758F00AD6156 /* hp.png in Resources */,
				3A42E45A252D723100AD6156 /* Main.storyboard in Resources */,
			);
			runOnlyForDeploymentPostprocessing = 0;
		};
/* End PBXResourcesBuildPhase section */

/* Begin PBXSourcesBuildPhase section */
		3A42E44B252D723100AD6156 /* Sources */ = {
			isa = PBXSourcesBuildPhase;
			buildActionMask = 2147483647;
			files = (
				3A42E46C252D72EB00AD6156 /* SearchVC.swift in Sources */,
				3A42E470252D732100AD6156 /* TableViewCell.swift in Sources */,
				3A42E478252D73C900AD6156 /* MyMoviesTableViewCell.swift in Sources */,
				3A42E45D252D723100AD6156 /* MAD157MCHMoviesProjCoreData.xcdatamodeld in Sources */,
				3A42E46A252D72DA00AD6156 /* HomeVC.swift in Sources */,
				3A42E472252D734F00AD6156 /* MovieDetailVC.swift in Sources */,
				3A42E47A252D73F400AD6156 /* MyMovieDeleteVC.swift in Sources */,
				3A42E453252D723100AD6156 /* AppDelegate.swift in Sources */,
				3A42E476252D739400AD6156 /* MyMoviesListVC.swift in Sources */,
				3A42E46E252D730D00AD6156 /* MovieListVC.swift in Sources */,
				3A42E455252D723100AD6156 /* SceneDelegate.swift in Sources */,
				3A42E474252D736D00AD6156 /* OpenImdbVCViewController.swift in Sources */,
			);
			runOnlyForDeploymentPostprocessing = 0;
		};
/* End PBXSourcesBuildPhase section */

/* Begin PBXVariantGroup section */
		3A42E458252D723100AD6156 /* Main.storyboard */ = {
			isa = PBXVariantGroup;
			children = (
				3A42E459252D723100AD6156 /* Base */,
			);
			name = Main.storyboard;
			sourceTree = "<group>";
		};
		3A42E460252D723400AD6156 /* LaunchScreen.storyboard */ = {
			isa = PBXVariantGroup;
			children = (
				3A42E461252D723400AD6156 /* Base */,
			);
			name = LaunchScreen.storyboard;
			sourceTree = "<group>";
		};
/* End PBXVariantGroup section */

/* Begin XCBuildConfiguration section */
		3A42E464252D723400AD6156 /* Debug */ = {
			isa = XCBuildConfiguration;
			buildSettings = {
				ALWAYS_SEARCH_USER_PATHS = NO;
				CLANG_ANALYZER_NONNULL = YES;
				CLANG_ANALYZER_NUMBER_OBJECT_CONVERSION = YES_AGGRESSIVE;
				CLANG_CXX_LANGUAGE_STANDARD = "gnu++14";
				CLANG_CXX_LIBRARY = "libc++";
				CLANG_ENABLE_MODULES = YES;
				CLANG_ENABLE_OBJC_ARC = YES;
				CLANG_ENABLE_OBJC_WEAK = YES;
				CLANG_WARN_BLOCK_CAPTURE_AUTORELEASING = YES;
				CLANG_WARN_BOOL_CONVERSION = YES;
				CLANG_WARN_COMMA = YES;
				CLANG_WARN_CONSTANT_CONVERSION = YES;
				CLANG_WARN_DEPRECATED_OBJC_IMPLEMENTATIONS = YES;
				CLANG_WARN_DIRECT_OBJC_ISA_USAGE = YES_ERROR;
				CLANG_WARN_DOCUMENTATION_COMMENTS = YES;
				CLANG_WARN_EMPTY_BODY = YES;
				CLANG_WARN_ENUM_CONVERSION = YES;
				CLANG_WARN_INFINITE_RECURSION = YES;
				CLANG_WARN_INT_CONVERSION = YES;
				CLANG_WARN_NON_LITERAL_NULL_CONVERSION = YES;
				CLANG_WARN_OBJC_IMPLICIT_RETAIN_SELF = YES;
				CLANG_WARN_OBJC_LITERAL_CONVERSION = YES;
				CLANG_WARN_OBJC_ROOT_CLASS = YES_ERROR;
				CLANG_WARN_RANGE_LOOP_ANALYSIS = YES;
				CLANG_WARN_STRICT_PROTOTYPES = YES;
				CLANG_WARN_SUSPICIOUS_MOVE = YES;
				CLANG_WARN_UNGUARDED_AVAILABILITY = YES_AGGRESSIVE;
				CLANG_WARN_UNREACHABLE_CODE = YES;
				CLANG_WARN__DUPLICATE_METHOD_MATCH = YES;
				COPY_PHASE_STRIP = NO;
				DEBUG_INFORMATION_FORMAT = dwarf;
				ENABLE_STRICT_OBJC_MSGSEND = YES;
				ENABLE_TESTABILITY = YES;
				GCC_C_LANGUAGE_STANDARD = gnu11;
				GCC_DYNAMIC_NO_PIC = NO;
				GCC_NO_COMMON_BLOCKS = YES;
				GCC_OPTIMIZATION_LEVEL = 0;
				GCC_PREPROCESSOR_DEFINITIONS = (
					"DEBUG=1",
					"$(inherited)",
				);
				GCC_WARN_64_TO_32_BIT_CONVERSION = YES;
				GCC_WARN_ABOUT_RETURN_TYPE = YES_ERROR;
				GCC_WARN_UNDECLARED_SELECTOR = YES;
				GCC_WARN_UNINITIALIZED_AUTOS = YES_AGGRESSIVE;
				GCC_WARN_UNUSED_FUNCTION = YES;
				GCC_WARN_UNUSED_VARIABLE = YES;
				IPHONEOS_DEPLOYMENT_TARGET = 13.6;
				MTL_ENABLE_DEBUG_INFO = INCLUDE_SOURCE;
				MTL_FAST_MATH = YES;
				ONLY_ACTIVE_ARCH = YES;
				SDKROOT = iphoneos;
				SWIFT_ACTIVE_COMPILATION_CONDITIONS = DEBUG;
				SWIFT_OPTIMIZATION_LEVEL = "-Onone";
			};
			name = Debug;
		};
		3A42E465252D723400AD6156 /* Release */ = {
			isa = XCBuildConfiguration;
			buildSettings = {
				ALWAYS_SEARCH_USER_PATHS = NO;
				CLANG_ANALYZER_NONNULL = YES;
				CLANG_ANALYZER_NUMBER_OBJECT_CONVERSION = YES_AGGRESSIVE;
				CLANG_CXX_LANGUAGE_STANDARD = "gnu++14";
				CLANG_CXX_LIBRARY = "libc++";
				CLANG_ENABLE_MODULES = YES;
				CLANG_ENABLE_OBJC_ARC = YES;
				CLANG_ENABLE_OBJC_WEAK = YES;
				CLANG_WARN_BLOCK_CAPTURE_AUTORELEASING = YES;
				CLANG_WARN_BOOL_CONVERSION = YES;
				CLANG_WARN_COMMA = YES;
				CLANG_WARN_CONSTANT_CONVERSION = YES;
				CLANG_WARN_DEPRECATED_OBJC_IMPLEMENTATIONS = YES;
				CLANG_WARN_DIRECT_OBJC_ISA_USAGE = YES_ERROR;
				CLANG_WARN_DOCUMENTATION_COMMENTS = YES;
				CLANG_WARN_EMPTY_BODY = YES;
				CLANG_WARN_ENUM_CONVERSION = YES;
				CLANG_WARN_INFINITE_RECURSION = YES;
				CLANG_WARN_INT_CONVERSION = YES;
				CLANG_WARN_NON_LITERAL_NULL_CONVERSION = YES;
				CLANG_WARN_OBJC_IMPLICIT_RETAIN_SELF = YES;
				CLANG_WARN_OBJC_LITERAL_CONVERSION = YES;
				CLANG_WARN_OBJC_ROOT_CLASS = YES_ERROR;
				CLANG_WARN_RANGE_LOOP_ANALYSIS = YES;
				CLANG_WARN_STRICT_PROTOTYPES = YES;
				CLANG_WARN_SUSPICIOUS_MOVE = YES;
				CLANG_WARN_UNGUARDED_AVAILABILITY = YES_AGGRESSIVE;
				CLANG_WARN_UNREACHABLE_CODE = YES;
				CLANG_WARN__DUPLICATE_METHOD_MATCH = YES;
				COPY_PHASE_STRIP = NO;
				DEBUG_INFORMATION_FORMAT = "dwarf-with-dsym";
				ENABLE_NS_ASSERTIONS = NO;
				ENABLE_STRICT_OBJC_MSGSEND = YES;
				GCC_C_LANGUAGE_STANDARD = gnu11;
				GCC_NO_COMMON_BLOCKS = YES;
				GCC_WARN_64_TO_32_BIT_CONVERSION = YES;
				GCC_WARN_ABOUT_RETURN_TYPE = YES_ERROR;
				GCC_WARN_UNDECLARED_SELECTOR = YES;
				GCC_WARN_UNINITIALIZED_AUTOS = YES_AGGRESSIVE;
				GCC_WARN_UNUSED_FUNCTION = YES;
				GCC_WARN_UNUSED_VARIABLE = YES;
				IPHONEOS_DEPLOYMENT_TARGET = 13.6;
				MTL_ENABLE_DEBUG_INFO = NO;
				MTL_FAST_MATH = YES;
				SDKROOT = iphoneos;
				SWIFT_COMPILATION_MODE = wholemodule;
				SWIFT_OPTIMIZATION_LEVEL = "-O";
				VALIDATE_PRODUCT = YES;
			};
			name = Release;
		};
		3A42E467252D723400AD6156 /* Debug */ = {
			isa = XCBuildConfiguration;
			buildSettings = {
				ASSETCATALOG_COMPILER_APPICON_NAME = AppIcon;
				CODE_SIGN_STYLE = Automatic;
				INFOPLIST_FILE = MAD157MCHMoviesProjCoreData/Info.plist;
				LD_RUNPATH_SEARCH_PATHS = (
					"$(inherited)",
					"@executable_path/Frameworks",
				);
				PRODUCT_BUNDLE_IDENTIFIER = com.TygerMatrix.MAD157MCHMoviesProjCoreData;
				PRODUCT_NAME = "$(TARGET_NAME)";
				SWIFT_VERSION = 5.0;
				TARGETED_DEVICE_FAMILY = "1,2";
			};
			name = Debug;
		};
		3A42E468252D723400AD6156 /* Release */ = {
			isa = XCBuildConfiguration;
			buildSettings = {
				ASSETCATALOG_COMPILER_APPICON_NAME = AppIcon;
				CODE_SIGN_STYLE = Automatic;
				INFOPLIST_FILE = MAD157MCHMoviesProjCoreData/Info.plist;
				LD_RUNPATH_SEARCH_PATHS = (
					"$(inherited)",
					"@executable_path/Frameworks",
				);
				PRODUCT_BUNDLE_IDENTIFIER = com.TygerMatrix.MAD157MCHMoviesProjCoreData;
				PRODUCT_NAME = "$(TARGET_NAME)";
				SWIFT_VERSION = 5.0;
				TARGETED_DEVICE_FAMILY = "1,2";
			};
			name = Release;
		};
/* End XCBuildConfiguration section */

/* Begin XCConfigurationList section */
		3A42E44A252D723100AD6156 /* Build configuration list for PBXProject "MAD157MCHMoviesProjCoreData" */ = {
			isa = XCConfigurationList;
			buildConfigurations = (
				3A42E464252D723400AD6156 /* Debug */,
				3A42E465252D723400AD6156 /* Release */,
			);
			defaultConfigurationIsVisible = 0;
			defaultConfigurationName = Release;
		};
		3A42E466252D723400AD6156 /* Build configuration list for PBXNativeTarget "MAD157MCHMoviesProjCoreData" */ = {
			isa = XCConfigurationList;
			buildConfigurations = (
				3A42E467252D723400AD6156 /* Debug */,
				3A42E468252D723400AD6156 /* Release */,
			);
			defaultConfigurationIsVisible = 0;
			defaultConfigurationName = Release;
		};
/* End XCConfigurationList section */

/* Begin XCVersionGroup section */
		3A42E45B252D723100AD6156 /* MAD157MCHMoviesProjCoreData.xcdatamodeld */ = {
			isa = XCVersionGroup;
			children = (
				3A42E45C252D723100AD6156 /* MAD157MCHMoviesProjCoreData.xcdatamodel */,
			);
			currentVersion = 3A42E45C252D723100AD6156 /* MAD157MCHMoviesProjCoreData.xcdatamodel */;
			path = MAD157MCHMoviesProjCoreData.xcdatamodeld;
			sourceTree = "<group>";
			versionGroupType = wrapper.xcdatamodel;
		};
/* End XCVersionGroup section */
	};
	rootObject = 3A42E447252D723100AD6156 /* Project object */;
}
